<?xml version="1.0" encoding="UTF-8"?>
<CodeBlocks_project_file>
	<FileVersion major="1" minor="6"/>
	<Project>
		<Option title="lab_03"/>
		<Option makefile_is_custom="1"/>
		<Option compiler="gcc"/>
		<Option virtualFolders="CMake Files\;"/>
		<Build>
			<Target title="all">
				<Option working_dir="/home/just/itmo_stuff/cgag/lab_03"/>
				<Option type="4"/>
				<MakeCommands>
					<Build command="/usr/bin/make -f &quot;/home/just/itmo_stuff/cgag/lab_03/Makefile&quot;  VERBOSE=1 all"/>
					<CompileFile command="/usr/bin/make -f &quot;/home/just/itmo_stuff/cgag/lab_03/Makefile&quot;  VERBOSE=1 &quot;$file&quot;"/>
					<Clean command="/usr/bin/make -f &quot;/home/just/itmo_stuff/cgag/lab_03/Makefile&quot;  VERBOSE=1 clean"/>
					<DistClean command="/usr/bin/make -f &quot;/home/just/itmo_stuff/cgag/lab_03/Makefile&quot;  VERBOSE=1 clean"/>
				</MakeCommands>
			</Target>
			<Target title="rebuild_cache">
				<Option working_dir="/home/just/itmo_stuff/cgag/lab_03"/>
				<Option type="4"/>
				<MakeCommands>
					<Build command="/usr/bin/make -f &quot;/home/just/itmo_stuff/cgag/lab_03/Makefile&quot;  VERBOSE=1 rebuild_cache"/>
					<CompileFile command="/usr/bin/make -f &quot;/home/just/itmo_stuff/cgag/lab_03/Makefile&quot;  VERBOSE=1 &quot;$file&quot;"/>
					<Clean command="/usr/bin/make -f &quot;/home/just/itmo_stuff/cgag/lab_03/Makefile&quot;  VERBOSE=1 clean"/>
					<DistClean command="/usr/bin/make -f &quot;/home/just/itmo_stuff/cgag/lab_03/Makefile&quot;  VERBOSE=1 clean"/>
				</MakeCommands>
			</Target>
			<Target title="edit_cache">
				<Option working_dir="/home/just/itmo_stuff/cgag/lab_03"/>
				<Option type="4"/>
				<MakeCommands>
					<Build command="/usr/bin/make -f &quot;/home/just/itmo_stuff/cgag/lab_03/Makefile&quot;  VERBOSE=1 edit_cache"/>
					<CompileFile command="/usr/bin/make -f &quot;/home/just/itmo_stuff/cgag/lab_03/Makefile&quot;  VERBOSE=1 &quot;$file&quot;"/>
					<Clean command="/usr/bin/make -f &quot;/home/just/itmo_stuff/cgag/lab_03/Makefile&quot;  VERBOSE=1 clean"/>
					<DistClean command="/usr/bin/make -f &quot;/home/just/itmo_stuff/cgag/lab_03/Makefile&quot;  VERBOSE=1 clean"/>
				</MakeCommands>
			</Target>
			<Target title="lab_03">
				<Option output="/home/just/itmo_stuff/cgag/lab_03/lab_03" prefix_auto="0" extension_auto="0"/>
				<Option working_dir="/home/just/itmo_stuff/cgag/lab_03"/>
				<Option object_output="./"/>
				<Option type="1"/>
				<Option compiler="gcc"/>
				<Compiler>
					<Add directory="/home/just/itmo_stuff/cgag/lab_03/include"/>
				</Compiler>
				<MakeCommands>
					<Build command="/usr/bin/make -f &quot;/home/just/itmo_stuff/cgag/lab_03/Makefile&quot;  VERBOSE=1 lab_03"/>
					<CompileFile command="/usr/bin/make -f &quot;/home/just/itmo_stuff/cgag/lab_03/Makefile&quot;  VERBOSE=1 &quot;$file&quot;"/>
					<Clean command="/usr/bin/make -f &quot;/home/just/itmo_stuff/cgag/lab_03/Makefile&quot;  VERBOSE=1 clean"/>
					<DistClean command="/usr/bin/make -f &quot;/home/just/itmo_stuff/cgag/lab_03/Makefile&quot;  VERBOSE=1 clean"/>
				</MakeCommands>
			</Target>
			<Target title="lab_03/fast">
				<Option output="/home/just/itmo_stuff/cgag/lab_03/lab_03" prefix_auto="0" extension_auto="0"/>
				<Option working_dir="/home/just/itmo_stuff/cgag/lab_03"/>
				<Option object_output="./"/>
				<Option type="1"/>
				<Option compiler="gcc"/>
				<Compiler>
					<Add directory="/home/just/itmo_stuff/cgag/lab_03/include"/>
				</Compiler>
				<MakeCommands>
					<Build command="/usr/bin/make -f &quot;/home/just/itmo_stuff/cgag/lab_03/Makefile&quot;  VERBOSE=1 lab_03/fast"/>
					<CompileFile command="/usr/bin/make -f &quot;/home/just/itmo_stuff/cgag/lab_03/Makefile&quot;  VERBOSE=1 &quot;$file&quot;"/>
					<Clean command="/usr/bin/make -f &quot;/home/just/itmo_stuff/cgag/lab_03/Makefile&quot;  VERBOSE=1 clean"/>
					<DistClean command="/usr/bin/make -f &quot;/home/just/itmo_stuff/cgag/lab_03/Makefile&quot;  VERBOSE=1 clean"/>
				</MakeCommands>
			</Target>
		</Build>
		<Unit filename="/home/just/itmo_stuff/cgag/lab_03/include/diz_matrix.hpp">
			<Option target="lab_03"/>
		</Unit>
		<Unit filename="/home/just/itmo_stuff/cgag/lab_03/src/main.cpp">
			<Option target="lab_03"/>
		</Unit>
		<Unit filename="/home/just/itmo_stuff/cgag/lab_03/src/pnmlib_diz.cpp">
			<Option target="lab_03"/>
		</Unit>
		<Unit filename="/home/just/itmo_stuff/cgag/lab_03/CMakeLists.txt">
			<Option virtualFolder="CMake Files\"/>
		</Unit>
	</Project>
</CodeBlocks_project_file>
